// !$*UTF8*$!
{
	archiveVersion = 1;
	classes = {
	};
	objectVersion = 46;
	objects = {

/* Begin PBXBuildFile section */
		37EEA7451E14F15200A7074B /* main.m in Sources */ = {isa = PBXBuildFile; fileRef = 37EEA7441E14F15200A7074B /* main.m */; };
		37EEA74C1E14F19300A7074B /* CBPage40_2_3.c in Sources */ = {isa = PBXBuildFile; fileRef = 37EEA74B1E14F19300A7074B /* CBPage40_2_3.c */; };
/* End PBXBuildFile section */

/* Begin PBXCopyFilesBuildPhase section */
		37EEA73F1E14F15200A7074B /* CopyFiles */ = {
			isa = PBXCopyFilesBuildPhase;
			buildActionMask = 2147483647;
			dstPath = /usr/share/man/man1/;
			dstSubfolderSpec = 0;
			files = (
			);
			runOnlyForDeploymentPostprocessing = 1;
		};
/* End PBXCopyFilesBuildPhase section */

/* Begin PBXFileReference section */
		37EEA7411E14F15200A7074B /* CBMacOSX&iOSDemo */ = {isa = PBXFileReference; explicitFileType = "compiled.mach-o.executable"; includeInIndex = 0; path = "CBMacOSX&iOSDemo"; sourceTree = BUILT_PRODUCTS_DIR; };
		37EEA7441E14F15200A7074B /* main.m */ = {isa = PBXFileReference; lastKnownFileType = sourcecode.c.objc; path = main.m; sourceTree = "<group>"; };
		37EEA74B1E14F19300A7074B /* CBPage40_2_3.c */ = {isa = PBXFileReference; fileEncoding = 4; lastKnownFileType = sourcecode.c.c; path = CBPage40_2_3.c; sourceTree = "<group>"; };
		37EEA74D1E14F7C700A7074B /* CBPage40_2_3.h */ = {isa = PBXFileReference; lastKnownFileType = sourcecode.c.h; path = CBPage40_2_3.h; sourceTree = "<group>"; };
/* End PBXFileReference section */

/* Begin PBXFrameworksBuildPhase section */
		37EEA73E1E14F15200A7074B /* Frameworks */ = {
			isa = PBXFrameworksBuildPhase;
			buildActionMask = 2147483647;
			files = (
			);
			runOnlyForDeploymentPostprocessing = 0;
		};
/* End PBXFrameworksBuildPhase section */

/* Begin PBXGroup section */
		37EEA7381E14F15200A7074B = {
			isa = PBXGroup;
			children = (
				37EEA7431E14F15200A7074B /* CBMacOSX&iOSDemo */,
				37EEA7421E14F15200A7074B /* Products */,
			);
			sourceTree = "<group>";
		};
		37EEA7421E14F15200A7074B /* Products */ = {
			isa = PBXGroup;
			children = (
				37EEA7411E14F15200A7074B /* CBMacOSX&iOSDemo */,
			);
			name = Products;
			sourceTree = "<group>";
		};
		37EEA7431E14F15200A7074B /* CBMacOSX&iOSDemo */ = {
			isa = PBXGroup;
			children = (
				37EEA7441E14F15200A7074B /* main.m */,
				37EEA74B1E14F19300A7074B /* CBPage40_2_3.c */,
				37EEA74D1E14F7C700A7074B /* CBPage40_2_3.h */,
			);
			path = "CBMacOSX&iOSDemo";
			sourceTree = "<group>";
		};
/* End PBXGroup section */

/* Begin PBXNativeTarget section */
		37EEA7401E14F15200A7074B /* CBMacOSX&iOSDemo */ = {
			isa = PBXNativeTarget;
			buildConfigurationList = 37EEA7481E14F15200A7074B /* Build configuration list for PBXNativeTarget "CBMacOSX&iOSDemo" */;
			buildPhases = (
				37EEA73D1E14F15200A7074B /* Sources */,
				37EEA73E1E14F15200A7074B /* Frameworks */,
				37EEA73F1E14F15200A7074B /* CopyFiles */,
			);
			buildRules = (
			);
			dependencies = (
			);
			name = "CBMacOSX&iOSDemo";
			productName = "CBMacOSX&iOSDemo";
			productReference = 37EEA7411E14F15200A7074B /* CBMacOSX&iOSDemo */;
			productType = "com.apple.product-type.tool";
		};
/* End PBXNativeTarget section */

/* Begin PBXProject section */
		37EEA7391E14F15200A7074B /* Project object */ = {
			isa = PBXProject;
			attributes = {
				LastUpgradeCheck = 0820;
				ORGANIZATIONNAME = ChenBin;
				TargetAttributes = {
					37EEA7401E14F15200A7074B = {
						CreatedOnToolsVersion = 8.2;
						DevelopmentTeam = 6U4Q5ZVMMM;
						ProvisioningStyle = Automatic;
					};
				};
			};
			buildConfigurationList = 37EEA73C1E14F15200A7074B /* Build configuration list for PBXProject "CBMacOSX&iOSDemo" */;
			compatibilityVersion = "Xcode 3.2";
			developmentRegion = English;
			hasScannedForEncodings = 0;
			knownRegions = (
				en,
			);
			mainGroup = 37EEA7381E14F15200A7074B;
			productRefGroup = 37EEA7421E14F15200A7074B /* Products */;
			projectDirPath = "";
			projectRoot = "";
			targets = (
				37EEA7401E14F15200A7074B /* CBMacOSX&iOSDemo */,
			);
		};
/* End PBXProject section */

/* Begin PBXSourcesBuildPhase section */
		37EEA73D1E14F15200A7074B /* Sources */ = {
			isa = PBXSourcesBuildPhase;
			buildActionMask = 2147483647;
			files = (
				37EEA7451E14F15200A7074B /* main.m in Sources */,
				37EEA74C1E14F19300A7074B /* CBPage40_2_3.c in Sources */,
			);
			runOnlyForDeploymentPostprocessing = 0;
		};
/* End PBXSourcesBuildPhase section */

/* Begin XCBuildConfiguration section */
		37EEA7461E14F15200A7074B /* Debug */ = {
			isa = XCBuildConfiguration;
			buildSettings = {
				ALWAYS_SEARCH_USER_PATHS = NO;
				CLANG_ANALYZER_NONNULL = YES;
				CLANG_CXX_LANGUAGE_STANDARD = "gnu++0x";
				CLANG_CXX_LIBRARY = "libc++";
				CLANG_ENABLE_MODULES = YES;
				CLANG_ENABLE_OBJC_ARC = YES;
				CLANG_WARN_BOOL_CONVERSION = YES;
				CLANG_WARN_CONSTANT_CONVERSION = YES;
				CLANG_WARN_DIRECT_OBJC_ISA_USAGE = YES_ERROR;
				CLANG_WARN_DOCUMENTATION_COMMENTS = YES;
				CLANG_WARN_EMPTY_BODY = YES;
				CLANG_WARN_ENUM_CONVERSION = YES;
				CLANG_WARN_INFINITE_RECURSION = YES;
				CLANG_WARN_INT_CONVERSION = YES;
				CLANG_WARN_OBJC_ROOT_CLASS = YES_ERROR;
				CLANG_WARN_SUSPICIOUS_MOVE = YES;
				CLANG_WARN_UNREACHABLE_CODE = YES;
				CLANG_WARN__DUPLICATE_METHOD_MATCH = YES;
				CODE_SIGN_IDENTITY = "-";
				COPY_PHASE_STRIP = NO;
				DEBUG_INFORMATION_FORMAT = dwarf;
				ENABLE_STRICT_OBJC_MSGSEND = YES;
				ENABLE_TESTABILITY = YES;
				GCC_C_LANGUAGE_STANDARD = gnu99;
				GCC_DYNAMIC_NO_PIC = NO;
				GCC_NO_COMMON_BLOCKS = YES;
				GCC_OPTIMIZATION_LEVEL = 0;
				GCC_PREPROCESSOR_DEFINITIONS = (
					"DEBUG=1",
					"$(inherited)",
				);
				GCC_WARN_64_TO_32_BIT_CONVERSION = YES;
				GCC_WARN_ABOUT_RETURN_TYPE = YES_ERROR;
				GCC_WARN_UNDECLARED_SELECTOR = YES;
				GCC_WARN_UNINITIALIZED_AUTOS = YES_AGGRESSIVE;
				GCC_WARN_UNUSED_FUNCTION = YES;
				GCC_WARN_UNUSED_VARIABLE = YES;
				MACOSX_DEPLOYMENT_TARGET = 10.12;
				MTL_ENABLE_DEBUG_INFO = YES;
				ONLY_ACTIVE_ARCH = YES;
				SDKROOT = macosx;
			};
			name = Debug;
		};
		37EEA7471E14F15200A7074B /* Release */ = {
			isa = XCBuildConfiguration;
			buildSettings = {
				ALWAYS_SEARCH_USER_PATHS = NO;
				CLANG_ANALYZER_NONNULL = YES;
				CLANG_CXX_LANGUAGE_STANDARD = "gnu++0x";
				CLANG_CXX_LIBRARY = "libc++";
				CLANG_ENABLE_MODULES = YES;
				CLANG_ENABLE_OBJC_ARC = YES;
				CLANG_WARN_BOOL_CONVERSION = YES;
				CLANG_WARN_CONSTANT_CONVERSION = YES;
				CLANG_WARN_DIRECT_OBJC_ISA_USAGE = YES_ERROR;
				CLANG_WARN_DOCUMENTATION_COMMENTS = YES;
				CLANG_WARN_EMPTY_BODY = YES;
				CLANG_WARN_ENUM_CONVERSION = YES;
				CLANG_WARN_INFINITE_RECURSION = YES;
				CLANG_WARN_INT_CONVERSION = YES;
				CLANG_WARN_OBJC_ROOT_CLASS = YES_ERROR;
				CLANG_WARN_SUSPICIOUS_MOVE = YES;
				CLANG_WARN_UNREACHABLE_CODE = YES;
				CLANG_WARN__DUPLICATE_METHOD_MATCH = YES;
				CODE_SIGN_IDENTITY = "-";
				COPY_PHASE_STRIP = NO;
				DEBUG_INFORMATION_FORMAT = "dwarf-with-dsym";
				ENABLE_NS_ASSERTIONS = NO;
				ENABLE_STRICT_OBJC_MSGSEND = YES;
				GCC_C_LANGUAGE_STANDARD = gnu99;
				GCC_NO_COMMON_BLOCKS = YES;
				GCC_WARN_64_TO_32_BIT_CONVERSION = YES;
				GCC_WARN_ABOUT_RETURN_TYPE = YES_ERROR;
				GCC_WARN_UNDECLARED_SELECTOR = YES;
				GCC_WARN_UNINITIALIZED_AUTOS = YES_AGGRESSIVE;
				GCC_WARN_UNUSED_FUNCTION = YES;
				GCC_WARN_UNUSED_VARIABLE = YES;
				MACOSX_DEPLOYMENT_TARGET = 10.12;
				MTL_ENABLE_DEBUG_INFO = NO;
				SDKROOT = macosx;
			};
			name = Release;
		};
		37EEA7491E14F15200A7074B /* Debug */ = {
			isa = XCBuildConfiguration;
			buildSettings = {
				DEVELOPMENT_TEAM = 6U4Q5ZVMMM;
				MACOSX_DEPLOYMENT_TARGET = 10.6;
				PRODUCT_NAME = "$(TARGET_NAME)";
			};
			name = Debug;
		};
		37EEA74A1E14F15200A7074B /* Release */ = {
			isa = XCBuildConfiguration;
			buildSettings = {
				DEVELOPMENT_TEAM = 6U4Q5ZVMMM;
				MACOSX_DEPLOYMENT_TARGET = 10.6;
				PRODUCT_NAME = "$(TARGET_NAME)";
			};
			name = Release;
		};
/* End XCBuildConfiguration section */

/* Begin XCConfigurationList section */
		37EEA73C1E14F15200A7074B /* Build configuration list for PBXProject "CBMacOSX&iOSDemo" */ = {
			isa = XCConfigurationList;
			buildConfigurations = (
				37EEA7461E14F15200A7074B /* Debug */,
				37EEA7471E14F15200A7074B /* Release */,
			);
			defaultConfigurationIsVisible = 0;
			defaultConfigurationName = Release;
		};
		37EEA7481E14F15200A7074B /* Build configuration list for PBXNativeTarget "CBMacOSX&iOSDemo" */ = {
			isa = XCConfigurationList;
			buildConfigurations = (
				37EEA7491E14F15200A7074B /* Debug */,
				37EEA74A1E14F15200A7074B /* Release */,
			);
			defaultConfigurationIsVisible = 0;
		};
/* End XCConfigurationList section */
	};
	rootObject = 37EEA7391E14F15200A7074B /* Project object */;
}
